<Solution>
  <Project Path="../../tests/DEPLOY.AzureServiceBus.API.IntegrationTest/DEPLOY.AzureServiceBus.API.IntegrationTest.csproj" />
  <Project Path="../../tests/DEPLOY.AzureServiceBus.API.Test/DEPLOY.AzureServiceBus.API.Test.csproj" />
  <Project Path="DEPLOY.AzureServiceBus.API/DEPLOY.AzureServiceBus.API.csproj" />
</Solution>
