Microsoft Visual Studio Solution File, Format Version 12.00
# Visual Studio Version 17
VisualStudioVersion = 17.13.35931.197
MinimumVisualStudioVersion = 10.0.40219.1
Project("{FAE04EC0-301F-11D3-BF4B-00C04F79EFBC}") = "DEPLOY.AzureServiceBus.API.IntegrationTest", "..\..\tests\DEPLOY.AzureServiceBus.API.IntegrationTest\DEPLOY.AzureServiceBus.API.IntegrationTest.csproj", "{C63839EB-04E6-5D2A-A57C-C2472F0CBFD6}"
EndProject
Project("{FAE04EC0-301F-11D3-BF4B-00C04F79EFBC}") = "DEPLOY.AzureServiceBus.API.Test", "..\..\tests\DEPLOY.AzureServiceBus.API.Test\DEPLOY.AzureServiceBus.API.Test.csproj", "{4091B378-0680-EE14-3DF9-192BAE6940F2}"
EndProject
Project("{FAE04EC0-301F-11D3-BF4B-00C04F79EFBC}") = "DEPLOY.AzureServiceBus.API", "DEPLOY.AzureServiceBus.API\DEPLOY.AzureServiceBus.API.csproj", "{8C029017-A4CD-44EA-F958-B5D3C5CEA6DD}"
EndProject
Global
	GlobalSection(SolutionConfigurationPlatforms) = preSolution
		Debug|Any CPU = Debug|Any CPU
		Release|Any CPU = Release|Any CPU
	EndGlobalSection
	GlobalSection(ProjectConfigurationPlatforms) = postSolution
		{C63839EB-04E6-5D2A-A57C-C2472F0CBFD6}.Debug|Any CPU.ActiveCfg = Debug|Any CPU
		{C63839EB-04E6-5D2A-A57C-C2472F0CBFD6}.Debug|Any CPU.Build.0 = Debug|Any CPU
		{C63839EB-04E6-5D2A-A57C-C2472F0CBFD6}.Release|Any CPU.ActiveCfg = Release|Any CPU
		{C63839EB-04E6-5D2A-A57C-C2472F0CBFD6}.Release|Any CPU.Build.0 = Release|Any CPU
		{4091B378-0680-EE14-3DF9-192BAE6940F2}.Debug|Any CPU.ActiveCfg = Debug|Any CPU
		{4091B378-0680-EE14-3DF9-192BAE6940F2}.Debug|Any CPU.Build.0 = Debug|Any CPU
		{4091B378-0680-EE14-3DF9-192BAE6940F2}.Release|Any CPU.ActiveCfg = Release|Any CPU
		{4091B378-0680-EE14-3DF9-192BAE6940F2}.Release|Any CPU.Build.0 = Release|Any CPU
		{8C029017-A4CD-44EA-F958-B5D3C5CEA6DD}.Debug|Any CPU.ActiveCfg = Debug|Any CPU
		{8C029017-A4CD-44EA-F958-B5D3C5CEA6DD}.Debug|Any CPU.Build.0 = Debug|Any CPU
		{8C029017-A4CD-44EA-F958-B5D3C5CEA6DD}.Release|Any CPU.ActiveCfg = Release|Any CPU
		{8C029017-A4CD-44EA-F958-B5D3C5CEA6DD}.Release|Any CPU.Build.0 = Release|Any CPU
	EndGlobalSection
	GlobalSection(SolutionProperties) = preSolution
		HideSolutionNode = FALSE
	EndGlobalSection
EndGlobal
